
Microsoft Visual Studio Solution File, Format Version 12.00
# Visual Studio Version 16
VisualStudioVersion = 16.0.29102.190
MinimumVisualStudioVersion = 10.0.40219.1
Project("{FAE04EC0-301F-11D3-BF4B-00C04F79EFBC}") = "Course_Project", "Course_Project\Course_Project.csproj", "{27AB4041-04AE-43CE-AF57-CEC6E3773200}"
EndProject
Global
	GlobalSection(SolutionConfigurationPlatforms) = preSolution
		Debug|Any CPU = Debug|Any CPU
		Release|Any CPU = Release|Any CPU
	EndGlobalSection
	GlobalSection(ProjectConfigurationPlatforms) = postSolution
		{27AB4041-04AE-43CE-AF57-CEC6E3773200}.Debug|Any CPU.ActiveCfg = Debug|Any CPU
		{27AB4041-04AE-43CE-AF57-CEC6E3773200}.Debug|Any CPU.Build.0 = Debug|Any CPU
		{27AB4041-04AE-43CE-AF57-CEC6E3773200}.Release|Any CPU.ActiveCfg = Release|Any CPU
		{27AB4041-04AE-43CE-AF57-CEC6E3773200}.Release|Any CPU.Build.0 = Release|Any CPU
	EndGlobalSection
	GlobalSection(SolutionProperties) = preSolution
		HideSolutionNode = FALSE
	EndGlobalSection
	GlobalSection(ExtensibilityGlobals) = postSolution
		SolutionGuid = {8EED32C1-59E4-46CF-9AFE-75F9740F1AF7}
	EndGlobalSection
EndGlobal
